// !$*UTF8*$!
{
	archiveVersion = 1;
	classes = {
	};
	objectVersion = 46;
	objects = {

/* Begin PBXBuildFile section */
		C1A4861D1AF018C600489DE0 /* display.cpp in Sources */ = {isa = PBXBuildFile; fileRef = C1A4861B1AF018C600489DE0 /* display.cpp */; };
		C1A486201AF0823700489DE0 /* map.cpp in Sources */ = {isa = PBXBuildFile; fileRef = C1A4861E1AF0823700489DE0 /* map.cpp */; };
		C1A486221AF15CB800489DE0 /* TODO.txt in Resources */ = {isa = PBXBuildFile; fileRef = C1A486211AF15CB800489DE0 /* TODO.txt */; };
		C1A486241AF16FF300489DE0 /* transport.png in Resources */ = {isa = PBXBuildFile; fileRef = C1A486231AF16FF300489DE0 /* transport.png */; };
		C1A6FED81AEEB7F500C57F06 /* ResourcePath.mm in Sources */ = {isa = PBXBuildFile; fileRef = C1A6FED71AEEB7F500C57F06 /* ResourcePath.mm */; };
		C1A6FEDB1AEEB7F500C57F06 /* main.cpp in Sources */ = {isa = PBXBuildFile; fileRef = C1A6FEDA1AEEB7F500C57F06 /* main.cpp */; };
		C1A6FEE21AEEB7F500C57F06 /* sansation.ttf in Resources */ = {isa = PBXBuildFile; fileRef = C1A6FEE11AEEB7F500C57F06 /* sansation.ttf */; };
		C1A6FEE41AEEB7F500C57F06 /* icon.png in Resources */ = {isa = PBXBuildFile; fileRef = C1A6FEE31AEEB7F500C57F06 /* icon.png */; };
		C1A6FEEC1AEEB87300C57F06 /* empire.cpp in Sources */ = {isa = PBXBuildFile; fileRef = C1A6FEEA1AEEB87300C57F06 /* empire.cpp */; };
		C1A6FEEE1AEECD1300C57F06 /* fog.png in Resources */ = {isa = PBXBuildFile; fileRef = C1A6FEED1AEECD1300C57F06 /* fog.png */; };
		C1A6FEF01AEEF45A00C57F06 /* city.png in Resources */ = {isa = PBXBuildFile; fileRef = C1A6FEEF1AEEF45A00C57F06 /* city.png */; };
		C1A6FEF21AEF1B6B00C57F06 /* water.png in Resources */ = {isa = PBXBuildFile; fileRef = C1A6FEF11AEF1B6B00C57F06 /* water.png */; };
		C1A6FEF41AEF2B0F00C57F06 /* land.png in Resources */ = {isa = PBXBuildFile; fileRef = C1A6FEF31AEF2B0F00C57F06 /* land.png */; };
		C1A6FEF61AEF317A00C57F06 /* map.txt in Resources */ = {isa = PBXBuildFile; fileRef = C1A6FEF51AEF317A00C57F06 /* map.txt */; };
		C1BDB0BD1AF29F3D00CC27FA /* interface.cpp in Sources */ = {isa = PBXBuildFile; fileRef = C1BDB0BB1AF29F3D00CC27FA /* interface.cpp */; };
		C1BDB0BF1AF2BA6500CC27FA /* army.png in Resources */ = {isa = PBXBuildFile; fileRef = C1BDB0BE1AF2BA6500CC27FA /* army.png */; };
/* End PBXBuildFile section */

/* Begin PBXFileReference section */
		C1A4861B1AF018C600489DE0 /* display.cpp */ = {isa = PBXFileReference; fileEncoding = 4; lastKnownFileType = sourcecode.cpp.cpp; path = display.cpp; sourceTree = "<group>"; };
		C1A4861C1AF018C600489DE0 /* display.hpp */ = {isa = PBXFileReference; fileEncoding = 4; lastKnownFileType = sourcecode.cpp.h; path = display.hpp; sourceTree = "<group>"; };
		C1A4861E1AF0823700489DE0 /* map.cpp */ = {isa = PBXFileReference; fileEncoding = 4; lastKnownFileType = sourcecode.cpp.cpp; path = map.cpp; sourceTree = "<group>"; };
		C1A4861F1AF0823700489DE0 /* map.hpp */ = {isa = PBXFileReference; fileEncoding = 4; lastKnownFileType = sourcecode.cpp.h; path = map.hpp; sourceTree = "<group>"; };
		C1A486211AF15CB800489DE0 /* TODO.txt */ = {isa = PBXFileReference; fileEncoding = 4; lastKnownFileType = text; name = TODO.txt; path = EmpireClassic/TODO.txt; sourceTree = "<group>"; };
		C1A486231AF16FF300489DE0 /* transport.png */ = {isa = PBXFileReference; lastKnownFileType = image.png; path = transport.png; sourceTree = "<group>"; };
		C1A6FED21AEEB7F400C57F06 /* EmpireClassic.app */ = {isa = PBXFileReference; explicitFileType = wrapper.application; includeInIndex = 0; path = EmpireClassic.app; sourceTree = BUILT_PRODUCTS_DIR; };
		C1A6FED61AEEB7F500C57F06 /* EmpireClassic-Info.plist */ = {isa = PBXFileReference; lastKnownFileType = text.plist.xml; path = "EmpireClassic-Info.plist"; sourceTree = "<group>"; };
		C1A6FED71AEEB7F500C57F06 /* ResourcePath.mm */ = {isa = PBXFileReference; lastKnownFileType = sourcecode.cpp.objcpp; path = ResourcePath.mm; sourceTree = "<group>"; };
		C1A6FED91AEEB7F500C57F06 /* ResourcePath.hpp */ = {isa = PBXFileReference; lastKnownFileType = sourcecode.cpp.h; path = ResourcePath.hpp; sourceTree = "<group>"; };
		C1A6FEDA1AEEB7F500C57F06 /* main.cpp */ = {isa = PBXFileReference; lastKnownFileType = sourcecode.cpp.cpp; path = main.cpp; sourceTree = "<group>"; };
		C1A6FEE11AEEB7F500C57F06 /* sansation.ttf */ = {isa = PBXFileReference; lastKnownFileType = file; path = sansation.ttf; sourceTree = "<group>"; };
		C1A6FEE31AEEB7F500C57F06 /* icon.png */ = {isa = PBXFileReference; lastKnownFileType = image.png; path = icon.png; sourceTree = "<group>"; };
		C1A6FEEA1AEEB87300C57F06 /* empire.cpp */ = {isa = PBXFileReference; fileEncoding = 4; lastKnownFileType = sourcecode.cpp.cpp; path = empire.cpp; sourceTree = "<group>"; };
		C1A6FEEB1AEEB87300C57F06 /* empire.hpp */ = {isa = PBXFileReference; fileEncoding = 4; lastKnownFileType = sourcecode.cpp.h; path = empire.hpp; sourceTree = "<group>"; };
		C1A6FEED1AEECD1300C57F06 /* fog.png */ = {isa = PBXFileReference; lastKnownFileType = image.png; path = fog.png; sourceTree = "<group>"; };
		C1A6FEEF1AEEF45A00C57F06 /* city.png */ = {isa = PBXFileReference; lastKnownFileType = image.png; path = city.png; sourceTree = "<group>"; };
		C1A6FEF11AEF1B6B00C57F06 /* water.png */ = {isa = PBXFileReference; lastKnownFileType = image.png; path = water.png; sourceTree = "<group>"; };
		C1A6FEF31AEF2B0F00C57F06 /* land.png */ = {isa = PBXFileReference; lastKnownFileType = image.png; path = land.png; sourceTree = "<group>"; };
		C1A6FEF51AEF317A00C57F06 /* map.txt */ = {isa = PBXFileReference; fileEncoding = 4; lastKnownFileType = text; path = map.txt; sourceTree = "<group>"; };
		C1BDB0BB1AF29F3D00CC27FA /* interface.cpp */ = {isa = PBXFileReference; fileEncoding = 4; lastKnownFileType = sourcecode.cpp.cpp; path = interface.cpp; sourceTree = "<group>"; };
		C1BDB0BC1AF29F3D00CC27FA /* interface.hpp */ = {isa = PBXFileReference; fileEncoding = 4; lastKnownFileType = sourcecode.cpp.h; path = interface.hpp; sourceTree = "<group>"; };
		C1BDB0BE1AF2BA6500CC27FA /* army.png */ = {isa = PBXFileReference; lastKnownFileType = image.png; path = army.png; sourceTree = "<group>"; };
/* End PBXFileReference section */

/* Begin PBXFrameworksBuildPhase section */
		C1A6FECE1AEEB7F400C57F06 /* Frameworks */ = {
			isa = PBXFrameworksBuildPhase;
			buildActionMask = 2147483647;
			files = (
			);
			runOnlyForDeploymentPostprocessing = 0;
		};
/* End PBXFrameworksBuildPhase section */

/* Begin PBXGroup section */
		C1A6FEC81AEEB7F400C57F06 = {
			isa = PBXGroup;
			children = (
				C1A486211AF15CB800489DE0 /* TODO.txt */,
				C1A6FED41AEEB7F500C57F06 /* EmpireClassic */,
				C1A6FED31AEEB7F400C57F06 /* Products */,
			);
			sourceTree = "<group>";
		};
		C1A6FED31AEEB7F400C57F06 /* Products */ = {
			isa = PBXGroup;
			children = (
				C1A6FED21AEEB7F400C57F06 /* EmpireClassic.app */,
			);
			name = Products;
			sourceTree = "<group>";
		};
		C1A6FED41AEEB7F500C57F06 /* EmpireClassic */ = {
			isa = PBXGroup;
			children = (
				C1A4861F1AF0823700489DE0 /* map.hpp */,
				C1A4861E1AF0823700489DE0 /* map.cpp */,
				C1BDB0BC1AF29F3D00CC27FA /* interface.hpp */,
				C1BDB0BB1AF29F3D00CC27FA /* interface.cpp */,
				C1A4861C1AF018C600489DE0 /* display.hpp */,
				C1A4861B1AF018C600489DE0 /* display.cpp */,
				C1A6FEEB1AEEB87300C57F06 /* empire.hpp */,
				C1A6FEEA1AEEB87300C57F06 /* empire.cpp */,
				C1A6FEDA1AEEB7F500C57F06 /* main.cpp */,
				C1A6FED71AEEB7F500C57F06 /* ResourcePath.mm */,
				C1A6FED91AEEB7F500C57F06 /* ResourcePath.hpp */,
				C1A6FEDC1AEEB7F500C57F06 /* Resources */,
				C1A6FED51AEEB7F500C57F06 /* Supporting Files */,
			);
			path = EmpireClassic;
			sourceTree = "<group>";
		};
		C1A6FED51AEEB7F500C57F06 /* Supporting Files */ = {
			isa = PBXGroup;
			children = (
				C1A6FED61AEEB7F500C57F06 /* EmpireClassic-Info.plist */,
			);
			name = "Supporting Files";
			sourceTree = "<group>";
		};
		C1A6FEDC1AEEB7F500C57F06 /* Resources */ = {
			isa = PBXGroup;
			children = (
				C1A6FEF51AEF317A00C57F06 /* map.txt */,
				C1BDB0BE1AF2BA6500CC27FA /* army.png */,
				C1A486231AF16FF300489DE0 /* transport.png */,
				C1A6FEEF1AEEF45A00C57F06 /* city.png */,
				C1A6FEF31AEF2B0F00C57F06 /* land.png */,
				C1A6FEF11AEF1B6B00C57F06 /* water.png */,
				C1A6FEED1AEECD1300C57F06 /* fog.png */,
				C1A6FEE11AEEB7F500C57F06 /* sansation.ttf */,
				C1A6FEE31AEEB7F500C57F06 /* icon.png */,
			);
			name = Resources;
			sourceTree = "<group>";
		};
/* End PBXGroup section */

/* Begin PBXNativeTarget section */
		C1A6FED11AEEB7F400C57F06 /* EmpireClassic */ = {
			isa = PBXNativeTarget;
			buildConfigurationList = C1A6FEE71AEEB7F500C57F06 /* Build configuration list for PBXNativeTarget "EmpireClassic" */;
			buildPhases = (
				C1A6FECD1AEEB7F400C57F06 /* Sources */,
				C1A6FECE1AEEB7F400C57F06 /* Frameworks */,
				C1A6FECF1AEEB7F400C57F06 /* Resources */,
				C1A6FED01AEEB7F400C57F06 /* ShellScript */,
			);
			buildRules = (
			);
			dependencies = (
			);
			name = EmpireClassic;
			productName = EmpireClassic;
			productReference = C1A6FED21AEEB7F400C57F06 /* EmpireClassic.app */;
			productType = "com.apple.product-type.application";
		};
/* End PBXNativeTarget section */

/* Begin PBXProject section */
		C1A6FEC91AEEB7F400C57F06 /* Project object */ = {
			isa = PBXProject;
			attributes = {
				LastUpgradeCheck = 0610;
				ORGANIZATIONNAME = "Owen Stranathan";
				TargetAttributes = {
					C1A6FED11AEEB7F400C57F06 = {
						CreatedOnToolsVersion = 6.1.1;
					};
				};
			};
			buildConfigurationList = C1A6FECC1AEEB7F400C57F06 /* Build configuration list for PBXProject "EmpireClassic" */;
			compatibilityVersion = "Xcode 3.2";
			developmentRegion = English;
			hasScannedForEncodings = 0;
			knownRegions = (
				en,
			);
			mainGroup = C1A6FEC81AEEB7F400C57F06;
			productRefGroup = C1A6FED31AEEB7F400C57F06 /* Products */;
			projectDirPath = "";
			projectRoot = "";
			targets = (
				C1A6FED11AEEB7F400C57F06 /* EmpireClassic */,
			);
		};
/* End PBXProject section */

/* Begin PBXResourcesBuildPhase section */
		C1A6FECF1AEEB7F400C57F06 /* Resources */ = {
			isa = PBXResourcesBuildPhase;
			buildActionMask = 2147483647;
			files = (
				C1A6FEE41AEEB7F500C57F06 /* icon.png in Resources */,
				C1A6FEE21AEEB7F500C57F06 /* sansation.ttf in Resources */,
				C1A6FEF41AEF2B0F00C57F06 /* land.png in Resources */,
				C1A6FEF61AEF317A00C57F06 /* map.txt in Resources */,
				C1A486221AF15CB800489DE0 /* TODO.txt in Resources */,
				C1A6FEF01AEEF45A00C57F06 /* city.png in Resources */,
				C1BDB0BF1AF2BA6500CC27FA /* army.png in Resources */,
				C1A486241AF16FF300489DE0 /* transport.png in Resources */,
				C1A6FEEE1AEECD1300C57F06 /* fog.png in Resources */,
				C1A6FEF21AEF1B6B00C57F06 /* water.png in Resources */,
			);
			runOnlyForDeploymentPostprocessing = 0;
		};
/* End PBXResourcesBuildPhase section */

/* Begin PBXShellScriptBuildPhase section */
		C1A6FED01AEEB7F400C57F06 /* ShellScript */ = {
			isa = PBXShellScriptBuildPhase;
			buildActionMask = 2147483647;
			files = (
			);
			inputPaths = (
			);
			outputPaths = (
			);
			runOnlyForDeploymentPostprocessing = 0;
			shellPath = /bin/sh;
			shellScript = "# This shell script simply copies required SFML dylibs/frameworks into the application bundle frameworks folder.\n# If you're using static libraries (which is not recommended) you should remove this script from your project.\n\n# Are we building a project that uses frameworks or dylibs?\ncase \"$SFML_BINARY_TYPE\" in\n    DYLIBS)\n        frameworks=\"false\"\n        ;;\n    *)\n        frameworks=\"true\"\n        ;;\nesac\n\n# Echoes to stderr\nerror () # $* message to display\n{\n    echo $* 1>&2\n    exit 2\n}\n\nassert () # $1 is a boolean, $2...N is an error message\n{\n    if [ $# -lt 2 ]\n    then\n        error \"Internal error in assert : not enough args\"\n    fi\n\n    if [ $1 -ne 0 ]\n    then\n        shift\n        error \"$*\"\n    fi\n}\n\nforce_remove () # $@ is some paths\n{\n    test $# -ge 1\n    assert $? \"force_remove() requires at least one parameter\"\n    rm -fr $@\n    assert $? \"couldn't remove $@\"\n}\n\ncopy () # $1 is a source, $2 is a destination\n{\n    test $# -eq 2\n    assert $? \"copy() requires two parameters\"\n    ditto \"$1\" \"$2\"\n    assert $? \"couldn't copy $1 to $2\"\n}\n\nrequire () # $1 is a SFML module like 'system' or 'audio'\n{\n    dest=\"$BUILT_PRODUCTS_DIR/$PRODUCT_NAME.app/Contents/Frameworks\"\n\n    if [ -z \"$1\" ]\n    then\n        error \"require() requires one parameter!\"\n    else\n        # clean potentially old stuff\n        force_remove \"$dest/libsfml-$1\"*\n        force_remove \"$dest/sfml-$1.framework\"\n\n        # copy SFML libraries\n        if [ \"$frameworks\" = \"true\" ]\n        then\n            source=\"/Library/Frameworks/sfml-$1.framework\"\n            target=\"sfml-$1.framework\"\n        elif [ \"$SFML_LINK_DYLIBS_SUFFIX\" = \"-d\" ]\n        then\n            source=\"/usr/local/lib/libsfml-$1-d.dylib\"\n            target=\"`readlink $source`\"\n        else\n            source=\"/usr/local/lib/libsfml-$1.dylib\"\n            target=\"`readlink $source`\"\n        fi\n\n        copy \"$source\" \"$dest/$target\"\n\n        # copy extra dependencies\n        if [ \"$1\" = \"audio\" ]\n        then\n            # copy sndfile framework too\n            copy \"/Library/Frameworks/sndfile.framework\" \"$dest/sndfile.framework\"\n        elif [ \"$1\" = \"graphics\" ]\n        then\n            # copy freetype framework too\n            copy \"/Library/Frameworks/freetype.framework\" \"$dest/freetype.framework\"\n        fi\n    fi\n}\n\nif [ -n \"$SFML_SYSTEM\" ]\nthen\n    require \"system\"\nfi\n\nif [ -n \"$SFML_AUDIO\" ]\nthen\n    require \"audio\"\nfi\n\nif [ -n \"$SFML_NETWORK\" ]\nthen\n    require \"network\"\nfi\n\nif [ -n \"$SFML_WINDOW\" ]\nthen\n    require \"window\"\nfi\n\nif [ -n \"$SFML_GRAPHICS\" ]\nthen\n    require \"graphics\"\nfi\n\n                ";
		};
/* End PBXShellScriptBuildPhase section */

/* Begin PBXSourcesBuildPhase section */
		C1A6FECD1AEEB7F400C57F06 /* Sources */ = {
			isa = PBXSourcesBuildPhase;
			buildActionMask = 2147483647;
			files = (
				C1A6FEEC1AEEB87300C57F06 /* empire.cpp in Sources */,
				C1A6FEDB1AEEB7F500C57F06 /* main.cpp in Sources */,
				C1A4861D1AF018C600489DE0 /* display.cpp in Sources */,
				C1A486201AF0823700489DE0 /* map.cpp in Sources */,
				C1A6FED81AEEB7F500C57F06 /* ResourcePath.mm in Sources */,
				C1BDB0BD1AF29F3D00CC27FA /* interface.cpp in Sources */,
			);
			runOnlyForDeploymentPostprocessing = 0;
		};
/* End PBXSourcesBuildPhase section */

/* Begin XCBuildConfiguration section */
		C1A6FEE51AEEB7F500C57F06 /* Debug */ = {
			isa = XCBuildConfiguration;
			buildSettings = {
				ARCHS = (
					i386,
					x86_64,
				);
				CLANG_CXX_LANGUAGE_STANDARD = "c++0x";
				CLANG_CXX_LIBRARY = "libc++";
				FRAMEWORK_SEARCH_PATHS = (
					/Library/Frameworks/,
					"$(inherited)",
				);
				GCC_VERSION = com.apple.compilers.llvm.clang.1_0;
				HEADER_SEARCH_PATHS = (
					/usr/local/include/,
					"$(inherited)",
				);
				LIBRARY_SEARCH_PATHS = (
					/usr/local/lib/,
					"$(inherited)",
				);
				MACOSX_DEPLOYMENT_TARGET = 10.7;
				OTHER_LDFLAGS = (
					"$(inherited)",
					"$(SFML_SYSTEM)",
					"$(SFML_WINDOW)",
					"$(SFML_GRAPHICS)",
					"$(SFML_AUDIO)",
					"$(SFML_NETWORK)",
				);
				SFML_AUDIO = "$(SFML_LINK_PREFIX) sfml-audio$(SFML_LINK_SUFFIX)";
				SFML_BINARY_TYPE = FRAMEWORKS;
				SFML_GRAPHICS = "$(SFML_LINK_PREFIX) sfml-graphics$(SFML_LINK_SUFFIX)";
				SFML_LINK_DYLIBS_PREFIX = "-l";
				SFML_LINK_DYLIBS_SUFFIX = "";
				SFML_LINK_FRAMEWORKS_PREFIX = "-framework";
				SFML_LINK_FRAMEWORKS_SUFFIX = "";
				SFML_LINK_PREFIX = "$(SFML_LINK_$(SFML_BINARY_TYPE)_PREFIX)";
				SFML_LINK_SUFFIX = "$(SFML_LINK_$(SFML_BINARY_TYPE)_SUFFIX)";
				SFML_NETWORK = "$(SFML_LINK_PREFIX) sfml-network$(SFML_LINK_SUFFIX)";
				SFML_SYSTEM = "$(SFML_LINK_PREFIX) sfml-system$(SFML_LINK_SUFFIX)";
				SFML_WINDOW = "$(SFML_LINK_PREFIX) sfml-window$(SFML_LINK_SUFFIX)";
				SUPPORTED_PLATFORMS = macosx;
			};
			name = Debug;
		};
		C1A6FEE61AEEB7F500C57F06 /* Release */ = {
			isa = XCBuildConfiguration;
			buildSettings = {
				ARCHS = (
					i386,
					x86_64,
				);
				CLANG_CXX_LANGUAGE_STANDARD = "c++0x";
				CLANG_CXX_LIBRARY = "libc++";
				FRAMEWORK_SEARCH_PATHS = (
					/Library/Frameworks/,
					"$(inherited)",
				);
				GCC_VERSION = com.apple.compilers.llvm.clang.1_0;
				HEADER_SEARCH_PATHS = (
					/usr/local/include/,
					"$(inherited)",
				);
				LIBRARY_SEARCH_PATHS = (
					/usr/local/lib/,
					"$(inherited)",
				);
				MACOSX_DEPLOYMENT_TARGET = 10.7;
				OTHER_LDFLAGS = (
					"$(inherited)",
					"$(SFML_SYSTEM)",
					"$(SFML_WINDOW)",
					"$(SFML_GRAPHICS)",
					"$(SFML_AUDIO)",
					"$(SFML_NETWORK)",
				);
				SFML_AUDIO = "$(SFML_LINK_PREFIX) sfml-audio$(SFML_LINK_SUFFIX)";
				SFML_BINARY_TYPE = FRAMEWORKS;
				SFML_GRAPHICS = "$(SFML_LINK_PREFIX) sfml-graphics$(SFML_LINK_SUFFIX)";
				SFML_LINK_DYLIBS_PREFIX = "-l";
				SFML_LINK_DYLIBS_SUFFIX = "";
				SFML_LINK_FRAMEWORKS_PREFIX = "-framework";
				SFML_LINK_FRAMEWORKS_SUFFIX = "";
				SFML_LINK_PREFIX = "$(SFML_LINK_$(SFML_BINARY_TYPE)_PREFIX)";
				SFML_LINK_SUFFIX = "$(SFML_LINK_$(SFML_BINARY_TYPE)_SUFFIX)";
				SFML_NETWORK = "$(SFML_LINK_PREFIX) sfml-network$(SFML_LINK_SUFFIX)";
				SFML_SYSTEM = "$(SFML_LINK_PREFIX) sfml-system$(SFML_LINK_SUFFIX)";
				SFML_WINDOW = "$(SFML_LINK_PREFIX) sfml-window$(SFML_LINK_SUFFIX)";
				SUPPORTED_PLATFORMS = macosx;
			};
			name = Release;
		};
		C1A6FEE81AEEB7F500C57F06 /* Debug */ = {
			isa = XCBuildConfiguration;
			buildSettings = {
				INFOPLIST_FILE = "EmpireClassic/EmpireClassic-Info.plist";
				LD_RUNPATH_SEARCH_PATHS = "@loader_path/../Frameworks";
				PRODUCT_NAME = "$(TARGET_NAME)";
			};
			name = Debug;
		};
		C1A6FEE91AEEB7F500C57F06 /* Release */ = {
			isa = XCBuildConfiguration;
			buildSettings = {
				INFOPLIST_FILE = "EmpireClassic/EmpireClassic-Info.plist";
				LD_RUNPATH_SEARCH_PATHS = "@loader_path/../Frameworks";
				PRODUCT_NAME = "$(TARGET_NAME)";
			};
			name = Release;
		};
/* End XCBuildConfiguration section */

/* Begin XCConfigurationList section */
		C1A6FECC1AEEB7F400C57F06 /* Build configuration list for PBXProject "EmpireClassic" */ = {
			isa = XCConfigurationList;
			buildConfigurations = (
				C1A6FEE51AEEB7F500C57F06 /* Debug */,
				C1A6FEE61AEEB7F500C57F06 /* Release */,
			);
			defaultConfigurationIsVisible = 0;
			defaultConfigurationName = Release;
		};
		C1A6FEE71AEEB7F500C57F06 /* Build configuration list for PBXNativeTarget "EmpireClassic" */ = {
			isa = XCConfigurationList;
			buildConfigurations = (
				C1A6FEE81AEEB7F500C57F06 /* Debug */,
				C1A6FEE91AEEB7F500C57F06 /* Release */,
			);
			defaultConfigurationIsVisible = 0;
			defaultConfigurationName = Release;
		};
/* End XCConfigurationList section */
	};
	rootObject = C1A6FEC91AEEB7F400C57F06 /* Project object */;
}
